
Microsoft Visual Studio Solution File, Format Version 12.00
# Visual Studio Version 17
VisualStudioVersion = 17.7.34009.444
MinimumVisualStudioVersion = 10.0.40219.1
Project("{FAE04EC0-301F-11D3-BF4B-00C04F79EFBC}") = "Practico2", "Practico2\Practico2.csproj", "{691EE628-E7F2-4D66-A04E-F6BD54A645E7}"
EndProject
Global
	GlobalSection(SolutionConfigurationPlatforms) = preSolution
		Debug|Any CPU = Debug|Any CPU
		Release|Any CPU = Release|Any CPU
	EndGlobalSection
	GlobalSection(ProjectConfigurationPlatforms) = postSolution
		{691EE628-E7F2-4D66-A04E-F6BD54A645E7}.Debug|Any CPU.ActiveCfg = Debug|Any CPU
		{691EE628-E7F2-4D66-A04E-F6BD54A645E7}.Debug|Any CPU.Build.0 = Debug|Any CPU
		{691EE628-E7F2-4D66-A04E-F6BD54A645E7}.Release|Any CPU.ActiveCfg = Release|Any CPU
		{691EE628-E7F2-4D66-A04E-F6BD54A645E7}.Release|Any CPU.Build.0 = Release|Any CPU
	EndGlobalSection
	GlobalSection(SolutionProperties) = preSolution
		HideSolutionNode = FALSE
	EndGlobalSection
	GlobalSection(ExtensibilityGlobals) = postSolution
		SolutionGuid = {FFD3D459-0B58-4CF8-8E47-CF51311233D9}
	EndGlobalSection
EndGlobal
